// !$*UTF8*$!
{
	archiveVersion = 1;
	classes = {
	};
	objectVersion = 50;
	objects = {

/* Begin PBXBuildFile section */
		3D41BEC826A1433D00BA98B7 /* AppDelegate.swift in Sources */ = {isa = PBXBuildFile; fileRef = 3D41BEC726A1433D00BA98B7 /* AppDelegate.swift */; };
		3D41BECA26A1433D00BA98B7 /* SceneDelegate.swift in Sources */ = {isa = PBXBuildFile; fileRef = 3D41BEC926A1433D00BA98B7 /* SceneDelegate.swift */; };
		3D41BECC26A1433D00BA98B7 /* ViewController.swift in Sources */ = {isa = PBXBuildFile; fileRef = 3D41BECB26A1433D00BA98B7 /* ViewController.swift */; };
		3D41BECF26A1433D00BA98B7 /* Main.storyboard in Resources */ = {isa = PBXBuildFile; fileRef = 3D41BECD26A1433D00BA98B7 /* Main.storyboard */; };
		3D41BED126A1434000BA98B7 /* Assets.xcassets in Resources */ = {isa = PBXBuildFile; fileRef = 3D41BED026A1434000BA98B7 /* Assets.xcassets */; };
		3D41BED426A1434000BA98B7 /* LaunchScreen.storyboard in Resources */ = {isa = PBXBuildFile; fileRef = 3D41BED226A1434000BA98B7 /* LaunchScreen.storyboard */; };
		3D41BEDF26A1434000BA98B7 /* CustomBottomSheetTests.swift in Sources */ = {isa = PBXBuildFile; fileRef = 3D41BEDE26A1434000BA98B7 /* CustomBottomSheetTests.swift */; };
		3D41BEEA26A1434100BA98B7 /* CustomBottomSheetUITests.swift in Sources */ = {isa = PBXBuildFile; fileRef = 3D41BEE926A1434100BA98B7 /* CustomBottomSheetUITests.swift */; };
		3D41BEFB26A1438700BA98B7 /* BaseViewController.swift in Sources */ = {isa = PBXBuildFile; fileRef = 3D41BEFA26A1438700BA98B7 /* BaseViewController.swift */; };
		3D41BF0026A14A1900BA98B7 /* CustomPresentationController.swift in Sources */ = {isa = PBXBuildFile; fileRef = 3D41BEFF26A14A1900BA98B7 /* CustomPresentationController.swift */; };
		3DBED36A26A1EB31008C9C1E /* CustomToastView.swift in Sources */ = {isa = PBXBuildFile; fileRef = 3DBED36926A1EB31008C9C1E /* CustomToastView.swift */; };
/* End PBXBuildFile section */

/* Begin PBXContainerItemProxy section */
		3D41BEDB26A1434000BA98B7 /* PBXContainerItemProxy */ = {
			isa = PBXContainerItemProxy;
			containerPortal = 3D41BEBC26A1433C00BA98B7 /* Project object */;
			proxyType = 1;
			remoteGlobalIDString = 3D41BEC326A1433D00BA98B7;
			remoteInfo = CustomBottomSheet;
		};
		3D41BEE626A1434000BA98B7 /* PBXContainerItemProxy */ = {
			isa = PBXContainerItemProxy;
			containerPortal = 3D41BEBC26A1433C00BA98B7 /* Project object */;
			proxyType = 1;
			remoteGlobalIDString = 3D41BEC326A1433D00BA98B7;
			remoteInfo = CustomBottomSheet;
		};
/* End PBXContainerItemProxy section */

/* Begin PBXFileReference section */
		3D41BEC426A1433D00BA98B7 /* CustomBottomSheet.app */ = {isa = PBXFileReference; explicitFileType = wrapper.application; includeInIndex = 0; path = CustomBottomSheet.app; sourceTree = BUILT_PRODUCTS_DIR; };
		3D41BEC726A1433D00BA98B7 /* AppDelegate.swift */ = {isa = PBXFileReference; lastKnownFileType = sourcecode.swift; path = AppDelegate.swift; sourceTree = "<group>"; };
		3D41BEC926A1433D00BA98B7 /* SceneDelegate.swift */ = {isa = PBXFileReference; lastKnownFileType = sourcecode.swift; path = SceneDelegate.swift; sourceTree = "<group>"; };
		3D41BECB26A1433D00BA98B7 /* ViewController.swift */ = {isa = PBXFileReference; lastKnownFileType = sourcecode.swift; path = ViewController.swift; sourceTree = "<group>"; };
		3D41BECE26A1433D00BA98B7 /* Base */ = {isa = PBXFileReference; lastKnownFileType = file.storyboard; name = Base; path = Base.lproj/Main.storyboard; sourceTree = "<group>"; };
		3D41BED026A1434000BA98B7 /* Assets.xcassets */ = {isa = PBXFileReference; lastKnownFileType = folder.assetcatalog; path = Assets.xcassets; sourceTree = "<group>"; };
		3D41BED326A1434000BA98B7 /* Base */ = {isa = PBXFileReference; lastKnownFileType = file.storyboard; name = Base; path = Base.lproj/LaunchScreen.storyboard; sourceTree = "<group>"; };
		3D41BED526A1434000BA98B7 /* Info.plist */ = {isa = PBXFileReference; lastKnownFileType = text.plist.xml; path = Info.plist; sourceTree = "<group>"; };
		3D41BEDA26A1434000BA98B7 /* CustomBottomSheetTests.xctest */ = {isa = PBXFileReference; explicitFileType = wrapper.cfbundle; includeInIndex = 0; path = CustomBottomSheetTests.xctest; sourceTree = BUILT_PRODUCTS_DIR; };
		3D41BEDE26A1434000BA98B7 /* CustomBottomSheetTests.swift */ = {isa = PBXFileReference; lastKnownFileType = sourcecode.swift; path = CustomBottomSheetTests.swift; sourceTree = "<group>"; };
		3D41BEE026A1434000BA98B7 /* Info.plist */ = {isa = PBXFileReference; lastKnownFileType = text.plist.xml; path = Info.plist; sourceTree = "<group>"; };
		3D41BEE526A1434000BA98B7 /* CustomBottomSheetUITests.xctest */ = {isa = PBXFileReference; explicitFileType = wrapper.cfbundle; includeInIndex = 0; path = CustomBottomSheetUITests.xctest; sourceTree = BUILT_PRODUCTS_DIR; };
		3D41BEE926A1434100BA98B7 /* CustomBottomSheetUITests.swift */ = {isa = PBXFileReference; lastKnownFileType = sourcecode.swift; path = CustomBottomSheetUITests.swift; sourceTree = "<group>"; };
		3D41BEEB26A1434100BA98B7 /* Info.plist */ = {isa = PBXFileReference; lastKnownFileType = text.plist.xml; path = Info.plist; sourceTree = "<group>"; };
		3D41BEFA26A1438700BA98B7 /* BaseViewController.swift */ = {isa = PBXFileReference; lastKnownFileType = sourcecode.swift; path = BaseViewController.swift; sourceTree = "<group>"; };
		3D41BEFF26A14A1900BA98B7 /* CustomPresentationController.swift */ = {isa = PBXFileReference; lastKnownFileType = sourcecode.swift; path = CustomPresentationController.swift; sourceTree = "<group>"; };
		3DBED36926A1EB31008C9C1E /* CustomToastView.swift */ = {isa = PBXFileReference; lastKnownFileType = sourcecode.swift; path = CustomToastView.swift; sourceTree = "<group>"; };
/* End PBXFileReference section */

/* Begin PBXFrameworksBuildPhase section */
		3D41BEC126A1433D00BA98B7 /* Frameworks */ = {
			isa = PBXFrameworksBuildPhase;
			buildActionMask = 2147483647;
			files = (
			);
			runOnlyForDeploymentPostprocessing = 0;
		};
		3D41BED726A1434000BA98B7 /* Frameworks */ = {
			isa = PBXFrameworksBuildPhase;
			buildActionMask = 2147483647;
			files = (
			);
			runOnlyForDeploymentPostprocessing = 0;
		};
		3D41BEE226A1434000BA98B7 /* Frameworks */ = {
			isa = PBXFrameworksBuildPhase;
			buildActionMask = 2147483647;
			files = (
			);
			runOnlyForDeploymentPostprocessing = 0;
		};
/* End PBXFrameworksBuildPhase section */

/* Begin PBXGroup section */
		3D41BEBB26A1433C00BA98B7 = {
			isa = PBXGroup;
			children = (
				3D41BEC626A1433D00BA98B7 /* CustomBottomSheet */,
				3D41BEDD26A1434000BA98B7 /* CustomBottomSheetTests */,
				3D41BEE826A1434100BA98B7 /* CustomBottomSheetUITests */,
				3D41BEC526A1433D00BA98B7 /* Products */,
			);
			sourceTree = "<group>";
		};
		3D41BEC526A1433D00BA98B7 /* Products */ = {
			isa = PBXGroup;
			children = (
				3D41BEC426A1433D00BA98B7 /* CustomBottomSheet.app */,
				3D41BEDA26A1434000BA98B7 /* CustomBottomSheetTests.xctest */,
				3D41BEE526A1434000BA98B7 /* CustomBottomSheetUITests.xctest */,
			);
			name = Products;
			sourceTree = "<group>";
		};
		3D41BEC626A1433D00BA98B7 /* CustomBottomSheet */ = {
			isa = PBXGroup;
			children = (
				3D41BEC726A1433D00BA98B7 /* AppDelegate.swift */,
				3D41BEC926A1433D00BA98B7 /* SceneDelegate.swift */,
				3D41BECB26A1433D00BA98B7 /* ViewController.swift */,
				3D41BECD26A1433D00BA98B7 /* Main.storyboard */,
				3D41BED026A1434000BA98B7 /* Assets.xcassets */,
				3D41BED226A1434000BA98B7 /* LaunchScreen.storyboard */,
				3D41BED526A1434000BA98B7 /* Info.plist */,
				3D41BEFA26A1438700BA98B7 /* BaseViewController.swift */,
				3D41BEFF26A14A1900BA98B7 /* CustomPresentationController.swift */,
				3DBED36926A1EB31008C9C1E /* CustomToastView.swift */,
			);
			path = CustomBottomSheet;
			sourceTree = "<group>";
		};
		3D41BEDD26A1434000BA98B7 /* CustomBottomSheetTests */ = {
			isa = PBXGroup;
			children = (
				3D41BEDE26A1434000BA98B7 /* CustomBottomSheetTests.swift */,
				3D41BEE026A1434000BA98B7 /* Info.plist */,
			);
			path = CustomBottomSheetTests;
			sourceTree = "<group>";
		};
		3D41BEE826A1434100BA98B7 /* CustomBottomSheetUITests */ = {
			isa = PBXGroup;
			children = (
				3D41BEE926A1434100BA98B7 /* CustomBottomSheetUITests.swift */,
				3D41BEEB26A1434100BA98B7 /* Info.plist */,
			);
			path = CustomBottomSheetUITests;
			sourceTree = "<group>";
		};
/* End PBXGroup section */

/* Begin PBXNativeTarget section */
		3D41BEC326A1433D00BA98B7 /* CustomBottomSheet */ = {
			isa = PBXNativeTarget;
			buildConfigurationList = 3D41BEEE26A1434100BA98B7 /* Build configuration list for PBXNativeTarget "CustomBottomSheet" */;
			buildPhases = (
				3D41BEC026A1433D00BA98B7 /* Sources */,
				3D41BEC126A1433D00BA98B7 /* Frameworks */,
				3D41BEC226A1433D00BA98B7 /* Resources */,
			);
			buildRules = (
			);
			dependencies = (
			);
			name = CustomBottomSheet;
			productName = CustomBottomSheet;
			productReference = 3D41BEC426A1433D00BA98B7 /* CustomBottomSheet.app */;
			productType = "com.apple.product-type.application";
		};
		3D41BED926A1434000BA98B7 /* CustomBottomSheetTests */ = {
			isa = PBXNativeTarget;
			buildConfigurationList = 3D41BEF126A1434100BA98B7 /* Build configuration list for PBXNativeTarget "CustomBottomSheetTests" */;
			buildPhases = (
				3D41BED626A1434000BA98B7 /* Sources */,
				3D41BED726A1434000BA98B7 /* Frameworks */,
				3D41BED826A1434000BA98B7 /* Resources */,
			);
			buildRules = (
			);
			dependencies = (
				3D41BEDC26A1434000BA98B7 /* PBXTargetDependency */,
			);
			name = CustomBottomSheetTests;
			productName = CustomBottomSheetTests;
			productReference = 3D41BEDA26A1434000BA98B7 /* CustomBottomSheetTests.xctest */;
			productType = "com.apple.product-type.bundle.unit-test";
		};
		3D41BEE426A1434000BA98B7 /* CustomBottomSheetUITests */ = {
			isa = PBXNativeTarget;
			buildConfigurationList = 3D41BEF426A1434100BA98B7 /* Build configuration list for PBXNativeTarget "CustomBottomSheetUITests" */;
			buildPhases = (
				3D41BEE126A1434000BA98B7 /* Sources */,
				3D41BEE226A1434000BA98B7 /* Frameworks */,
				3D41BEE326A1434000BA98B7 /* Resources */,
			);
			buildRules = (
			);
			dependencies = (
				3D41BEE726A1434000BA98B7 /* PBXTargetDependency */,
			);
			name = CustomBottomSheetUITests;
			productName = CustomBottomSheetUITests;
			productReference = 3D41BEE526A1434000BA98B7 /* CustomBottomSheetUITests.xctest */;
			productType = "com.apple.product-type.bundle.ui-testing";
		};
/* End PBXNativeTarget section */

/* Begin PBXProject section */
		3D41BEBC26A1433C00BA98B7 /* Project object */ = {
			isa = PBXProject;
			attributes = {
				LastSwiftUpdateCheck = 1200;
				LastUpgradeCheck = 1200;
				TargetAttributes = {
					3D41BEC326A1433D00BA98B7 = {
						CreatedOnToolsVersion = 12.0.1;
					};
					3D41BED926A1434000BA98B7 = {
						CreatedOnToolsVersion = 12.0.1;
						TestTargetID = 3D41BEC326A1433D00BA98B7;
					};
					3D41BEE426A1434000BA98B7 = {
						CreatedOnToolsVersion = 12.0.1;
						TestTargetID = 3D41BEC326A1433D00BA98B7;
					};
				};
			};
			buildConfigurationList = 3D41BEBF26A1433C00BA98B7 /* Build configuration list for PBXProject "CustomBottomSheet" */;
			compatibilityVersion = "Xcode 9.3";
			developmentRegion = en;
			hasScannedForEncodings = 0;
			knownRegions = (
				en,
				Base,
			);
			mainGroup = 3D41BEBB26A1433C00BA98B7;
			productRefGroup = 3D41BEC526A1433D00BA98B7 /* Products */;
			projectDirPath = "";
			projectRoot = "";
			targets = (
				3D41BEC326A1433D00BA98B7 /* CustomBottomSheet */,
				3D41BED926A1434000BA98B7 /* CustomBottomSheetTests */,
				3D41BEE426A1434000BA98B7 /* CustomBottomSheetUITests */,
			);
		};
/* End PBXProject section */

/* Begin PBXResourcesBuildPhase section */
		3D41BEC226A1433D00BA98B7 /* Resources */ = {
			isa = PBXResourcesBuildPhase;
			buildActionMask = 2147483647;
			files = (
				3D41BED426A1434000BA98B7 /* LaunchScreen.storyboard in Resources */,
				3D41BED126A1434000BA98B7 /* Assets.xcassets in Resources */,
				3D41BECF26A1433D00BA98B7 /* Main.storyboard in Resources */,
			);
			runOnlyForDeploymentPostprocessing = 0;
		};
		3D41BED826A1434000BA98B7 /* Resources */ = {
			isa = PBXResourcesBuildPhase;
			buildActionMask = 2147483647;
			files = (
			);
			runOnlyForDeploymentPostprocessing = 0;
		};
		3D41BEE326A1434000BA98B7 /* Resources */ = {
			isa = PBXResourcesBuildPhase;
			buildActionMask = 2147483647;
			files = (
			);
			runOnlyForDeploymentPostprocessing = 0;
		};
/* End PBXResourcesBuildPhase section */

/* Begin PBXSourcesBuildPhase section */
		3D41BEC026A1433D00BA98B7 /* Sources */ = {
			isa = PBXSourcesBuildPhase;
			buildActionMask = 2147483647;
			files = (
				3D41BECC26A1433D00BA98B7 /* ViewController.swift in Sources */,
				3D41BEFB26A1438700BA98B7 /* BaseViewController.swift in Sources */,
				3D41BEC826A1433D00BA98B7 /* AppDelegate.swift in Sources */,
				3D41BF0026A14A1900BA98B7 /* CustomPresentationController.swift in Sources */,
				3D41BECA26A1433D00BA98B7 /* SceneDelegate.swift in Sources */,
				3DBED36A26A1EB31008C9C1E /* CustomToastView.swift in Sources */,
			);
			runOnlyForDeploymentPostprocessing = 0;
		};
		3D41BED626A1434000BA98B7 /* Sources */ = {
			isa = PBXSourcesBuildPhase;
			buildActionMask = 2147483647;
			files = (
				3D41BEDF26A1434000BA98B7 /* CustomBottomSheetTests.swift in Sources */,
			);
			runOnlyForDeploymentPostprocessing = 0;
		};
		3D41BEE126A1434000BA98B7 /* Sources */ = {
			isa = PBXSourcesBuildPhase;
			buildActionMask = 2147483647;
			files = (
				3D41BEEA26A1434100BA98B7 /* CustomBottomSheetUITests.swift in Sources */,
			);
			runOnlyForDeploymentPostprocessing = 0;
		};
/* End PBXSourcesBuildPhase section */

/* Begin PBXTargetDependency section */
		3D41BEDC26A1434000BA98B7 /* PBXTargetDependency */ = {
			isa = PBXTargetDependency;
			target = 3D41BEC326A1433D00BA98B7 /* CustomBottomSheet */;
			targetProxy = 3D41BEDB26A1434000BA98B7 /* PBXContainerItemProxy */;
		};
		3D41BEE726A1434000BA98B7 /* PBXTargetDependency */ = {
			isa = PBXTargetDependency;
			target = 3D41BEC326A1433D00BA98B7 /* CustomBottomSheet */;
			targetProxy = 3D41BEE626A1434000BA98B7 /* PBXContainerItemProxy */;
		};
/* End PBXTargetDependency section */

/* Begin PBXVariantGroup section */
		3D41BECD26A1433D00BA98B7 /* Main.storyboard */ = {
			isa = PBXVariantGroup;
			children = (
				3D41BECE26A1433D00BA98B7 /* Base */,
			);
			name = Main.storyboard;
			sourceTree = "<group>";
		};
		3D41BED226A1434000BA98B7 /* LaunchScreen.storyboard */ = {
			isa = PBXVariantGroup;
			children = (
				3D41BED326A1434000BA98B7 /* Base */,
			);
			name = LaunchScreen.storyboard;
			sourceTree = "<group>";
		};
/* End PBXVariantGroup section */

/* Begin XCBuildConfiguration section */
		3D41BEEC26A1434100BA98B7 /* Debug */ = {
			isa = XCBuildConfiguration;
			buildSettings = {
				ALWAYS_SEARCH_USER_PATHS = NO;
				CLANG_ANALYZER_NONNULL = YES;
				CLANG_ANALYZER_NUMBER_OBJECT_CONVERSION = YES_AGGRESSIVE;
				CLANG_CXX_LANGUAGE_STANDARD = "gnu++14";
				CLANG_CXX_LIBRARY = "libc++";
				CLANG_ENABLE_MODULES = YES;
				CLANG_ENABLE_OBJC_ARC = YES;
				CLANG_ENABLE_OBJC_WEAK = YES;
				CLANG_WARN_BLOCK_CAPTURE_AUTORELEASING = YES;
				CLANG_WARN_BOOL_CONVERSION = YES;
				CLANG_WARN_COMMA = YES;
				CLANG_WARN_CONSTANT_CONVERSION = YES;
				CLANG_WARN_DEPRECATED_OBJC_IMPLEMENTATIONS = YES;
				CLANG_WARN_DIRECT_OBJC_ISA_USAGE = YES_ERROR;
				CLANG_WARN_DOCUMENTATION_COMMENTS = YES;
				CLANG_WARN_EMPTY_BODY = YES;
				CLANG_WARN_ENUM_CONVERSION = YES;
				CLANG_WARN_INFINITE_RECURSION = YES;
				CLANG_WARN_INT_CONVERSION = YES;
				CLANG_WARN_NON_LITERAL_NULL_CONVERSION = YES;
				CLANG_WARN_OBJC_IMPLICIT_RETAIN_SELF = YES;
				CLANG_WARN_OBJC_LITERAL_CONVERSION = YES;
				CLANG_WARN_OBJC_ROOT_CLASS = YES_ERROR;
				CLANG_WARN_QUOTED_INCLUDE_IN_FRAMEWORK_HEADER = YES;
				CLANG_WARN_RANGE_LOOP_ANALYSIS = YES;
				CLANG_WARN_STRICT_PROTOTYPES = YES;
				CLANG_WARN_SUSPICIOUS_MOVE = YES;
				CLANG_WARN_UNGUARDED_AVAILABILITY = YES_AGGRESSIVE;
				CLANG_WARN_UNREACHABLE_CODE = YES;
				CLANG_WARN__DUPLICATE_METHOD_MATCH = YES;
				COPY_PHASE_STRIP = NO;
				DEBUG_INFORMATION_FORMAT = dwarf;
				ENABLE_STRICT_OBJC_MSGSEND = YES;
				ENABLE_TESTABILITY = YES;
				GCC_C_LANGUAGE_STANDARD = gnu11;
				GCC_DYNAMIC_NO_PIC = NO;
				GCC_NO_COMMON_BLOCKS = YES;
				GCC_OPTIMIZATION_LEVEL = 0;
				GCC_PREPROCESSOR_DEFINITIONS = (
					"DEBUG=1",
					"$(inherited)",
				);
				GCC_WARN_64_TO_32_BIT_CONVERSION = YES;
				GCC_WARN_ABOUT_RETURN_TYPE = YES_ERROR;
				GCC_WARN_UNDECLARED_SELECTOR = YES;
				GCC_WARN_UNINITIALIZED_AUTOS = YES_AGGRESSIVE;
				GCC_WARN_UNUSED_FUNCTION = YES;
				GCC_WARN_UNUSED_VARIABLE = YES;
				IPHONEOS_DEPLOYMENT_TARGET = 14.0;
				MTL_ENABLE_DEBUG_INFO = INCLUDE_SOURCE;
				MTL_FAST_MATH = YES;
				ONLY_ACTIVE_ARCH = YES;
				SDKROOT = iphoneos;
				SWIFT_ACTIVE_COMPILATION_CONDITIONS = DEBUG;
				SWIFT_OPTIMIZATION_LEVEL = "-Onone";
			};
			name = Debug;
		};
		3D41BEED26A1434100BA98B7 /* Release */ = {
			isa = XCBuildConfiguration;
			buildSettings = {
				ALWAYS_SEARCH_USER_PATHS = NO;
				CLANG_ANALYZER_NONNULL = YES;
				CLANG_ANALYZER_NUMBER_OBJECT_CONVERSION = YES_AGGRESSIVE;
				CLANG_CXX_LANGUAGE_STANDARD = "gnu++14";
				CLANG_CXX_LIBRARY = "libc++";
				CLANG_ENABLE_MODULES = YES;
				CLANG_ENABLE_OBJC_ARC = YES;
				CLANG_ENABLE_OBJC_WEAK = YES;
				CLANG_WARN_BLOCK_CAPTURE_AUTORELEASING = YES;
				CLANG_WARN_BOOL_CONVERSION = YES;
				CLANG_WARN_COMMA = YES;
				CLANG_WARN_CONSTANT_CONVERSION = YES;
				CLANG_WARN_DEPRECATED_OBJC_IMPLEMENTATIONS = YES;
				CLANG_WARN_DIRECT_OBJC_ISA_USAGE = YES_ERROR;
				CLANG_WARN_DOCUMENTATION_COMMENTS = YES;
				CLANG_WARN_EMPTY_BODY = YES;
				CLANG_WARN_ENUM_CONVERSION = YES;
				CLANG_WARN_INFINITE_RECURSION = YES;
				CLANG_WARN_INT_CONVERSION = YES;
				CLANG_WARN_NON_LITERAL_NULL_CONVERSION = YES;
				CLANG_WARN_OBJC_IMPLICIT_RETAIN_SELF = YES;
				CLANG_WARN_OBJC_LITERAL_CONVERSION = YES;
				CLANG_WARN_OBJC_ROOT_CLASS = YES_ERROR;
				CLANG_WARN_QUOTED_INCLUDE_IN_FRAMEWORK_HEADER = YES;
				CLANG_WARN_RANGE_LOOP_ANALYSIS = YES;
				CLANG_WARN_STRICT_PROTOTYPES = YES;
				CLANG_WARN_SUSPICIOUS_MOVE = YES;
				CLANG_WARN_UNGUARDED_AVAILABILITY = YES_AGGRESSIVE;
				CLANG_WARN_UNREACHABLE_CODE = YES;
				CLANG_WARN__DUPLICATE_METHOD_MATCH = YES;
				COPY_PHASE_STRIP = NO;
				DEBUG_INFORMATION_FORMAT = "dwarf-with-dsym";
				ENABLE_NS_ASSERTIONS = NO;
				ENABLE_STRICT_OBJC_MSGSEND = YES;
				GCC_C_LANGUAGE_STANDARD = gnu11;
				GCC_NO_COMMON_BLOCKS = YES;
				GCC_WARN_64_TO_32_BIT_CONVERSION = YES;
				GCC_WARN_ABOUT_RETURN_TYPE = YES_ERROR;
				GCC_WARN_UNDECLARED_SELECTOR = YES;
				GCC_WARN_UNINITIALIZED_AUTOS = YES_AGGRESSIVE;
				GCC_WARN_UNUSED_FUNCTION = YES;
				GCC_WARN_UNUSED_VARIABLE = YES;
				IPHONEOS_DEPLOYMENT_TARGET = 14.0;
				MTL_ENABLE_DEBUG_INFO = NO;
				MTL_FAST_MATH = YES;
				SDKROOT = iphoneos;
				SWIFT_COMPILATION_MODE = wholemodule;
				SWIFT_OPTIMIZATION_LEVEL = "-O";
				VALIDATE_PRODUCT = YES;
			};
			name = Release;
		};
		3D41BEEF26A1434100BA98B7 /* Debug */ = {
			isa = XCBuildConfiguration;
			buildSettings = {
				ASSETCATALOG_COMPILER_APPICON_NAME = AppIcon;
				ASSETCATALOG_COMPILER_GLOBAL_ACCENT_COLOR_NAME = AccentColor;
				CODE_SIGN_STYLE = Automatic;
				DEVELOPMENT_TEAM = 2ULB89U5PD;
				INFOPLIST_FILE = CustomBottomSheet/Info.plist;
				LD_RUNPATH_SEARCH_PATHS = (
					"$(inherited)",
					"@executable_path/Frameworks",
				);
				PRODUCT_BUNDLE_IDENTIFIER = com.vinay.CustomBottomSheet;
				PRODUCT_NAME = "$(TARGET_NAME)";
				SWIFT_VERSION = 5.0;
				TARGETED_DEVICE_FAMILY = "1,2";
			};
			name = Debug;
		};
		3D41BEF026A1434100BA98B7 /* Release */ = {
			isa = XCBuildConfiguration;
			buildSettings = {
				ASSETCATALOG_COMPILER_APPICON_NAME = AppIcon;
				ASSETCATALOG_COMPILER_GLOBAL_ACCENT_COLOR_NAME = AccentColor;
				CODE_SIGN_STYLE = Automatic;
				DEVELOPMENT_TEAM = 2ULB89U5PD;
				INFOPLIST_FILE = CustomBottomSheet/Info.plist;
				LD_RUNPATH_SEARCH_PATHS = (
					"$(inherited)",
					"@executable_path/Frameworks",
				);
				PRODUCT_BUNDLE_IDENTIFIER = com.vinay.CustomBottomSheet;
				PRODUCT_NAME = "$(TARGET_NAME)";
				SWIFT_VERSION = 5.0;
				TARGETED_DEVICE_FAMILY = "1,2";
			};
			name = Release;
		};
		3D41BEF226A1434100BA98B7 /* Debug */ = {
			isa = XCBuildConfiguration;
			buildSettings = {
				ALWAYS_EMBED_SWIFT_STANDARD_LIBRARIES = YES;
				BUNDLE_LOADER = "$(TEST_HOST)";
				CODE_SIGN_STYLE = Automatic;
				DEVELOPMENT_TEAM = 2ULB89U5PD;
				INFOPLIST_FILE = CustomBottomSheetTests/Info.plist;
				IPHONEOS_DEPLOYMENT_TARGET = 14.0;
				LD_RUNPATH_SEARCH_PATHS = (
					"$(inherited)",
					"@executable_path/Frameworks",
					"@loader_path/Frameworks",
				);
				PRODUCT_BUNDLE_IDENTIFIER = com.vinay.CustomBottomSheetTests;
				PRODUCT_NAME = "$(TARGET_NAME)";
				SWIFT_VERSION = 5.0;
				TARGETED_DEVICE_FAMILY = "1,2";
				TEST_HOST = "$(BUILT_PRODUCTS_DIR)/CustomBottomSheet.app/CustomBottomSheet";
			};
			name = Debug;
		};
		3D41BEF326A1434100BA98B7 /* Release */ = {
			isa = XCBuildConfiguration;
			buildSettings = {
				ALWAYS_EMBED_SWIFT_STANDARD_LIBRARIES = YES;
				BUNDLE_LOADER = "$(TEST_HOST)";
				CODE_SIGN_STYLE = Automatic;
				DEVELOPMENT_TEAM = 2ULB89U5PD;
				INFOPLIST_FILE = CustomBottomSheetTests/Info.plist;
				IPHONEOS_DEPLOYMENT_TARGET = 14.0;
				LD_RUNPATH_SEARCH_PATHS = (
					"$(inherited)",
					"@executable_path/Frameworks",
					"@loader_path/Frameworks",
				);
				PRODUCT_BUNDLE_IDENTIFIER = com.vinay.CustomBottomSheetTests;
				PRODUCT_NAME = "$(TARGET_NAME)";
				SWIFT_VERSION = 5.0;
				TARGETED_DEVICE_FAMILY = "1,2";
				TEST_HOST = "$(BUILT_PRODUCTS_DIR)/CustomBottomSheet.app/CustomBottomSheet";
			};
			name = Release;
		};
		3D41BEF526A1434100BA98B7 /* Debug */ = {
			isa = XCBuildConfiguration;
			buildSettings = {
				ALWAYS_EMBED_SWIFT_STANDARD_LIBRARIES = YES;
				CODE_SIGN_STYLE = Automatic;
				DEVELOPMENT_TEAM = 2ULB89U5PD;
				INFOPLIST_FILE = CustomBottomSheetUITests/Info.plist;
				LD_RUNPATH_SEARCH_PATHS = (
					"$(inherited)",
					"@executable_path/Frameworks",
					"@loader_path/Frameworks",
				);
				PRODUCT_BUNDLE_IDENTIFIER = com.vinay.CustomBottomSheetUITests;
				PRODUCT_NAME = "$(TARGET_NAME)";
				SWIFT_VERSION = 5.0;
				TARGETED_DEVICE_FAMILY = "1,2";
				TEST_TARGET_NAME = CustomBottomSheet;
			};
			name = Debug;
		};
		3D41BEF626A1434100BA98B7 /* Release */ = {
			isa = XCBuildConfiguration;
			buildSettings = {
				ALWAYS_EMBED_SWIFT_STANDARD_LIBRARIES = YES;
				CODE_SIGN_STYLE = Automatic;
				DEVELOPMENT_TEAM = 2ULB89U5PD;
				INFOPLIST_FILE = CustomBottomSheetUITests/Info.plist;
				LD_RUNPATH_SEARCH_PATHS = (
					"$(inherited)",
					"@executable_path/Frameworks",
					"@loader_path/Frameworks",
				);
				PRODUCT_BUNDLE_IDENTIFIER = com.vinay.CustomBottomSheetUITests;
				PRODUCT_NAME = "$(TARGET_NAME)";
				SWIFT_VERSION = 5.0;
				TARGETED_DEVICE_FAMILY = "1,2";
				TEST_TARGET_NAME = CustomBottomSheet;
			};
			name = Release;
		};
/* End XCBuildConfiguration section */

/* Begin XCConfigurationList section */
		3D41BEBF26A1433C00BA98B7 /* Build configuration list for PBXProject "CustomBottomSheet" */ = {
			isa = XCConfigurationList;
			buildConfigurations = (
				3D41BEEC26A1434100BA98B7 /* Debug */,
				3D41BEED26A1434100BA98B7 /* Release */,
			);
			defaultConfigurationIsVisible = 0;
			defaultConfigurationName = Release;
		};
		3D41BEEE26A1434100BA98B7 /* Build configuration list for PBXNativeTarget "CustomBottomSheet" */ = {
			isa = XCConfigurationList;
			buildConfigurations = (
				3D41BEEF26A1434100BA98B7 /* Debug */,
				3D41BEF026A1434100BA98B7 /* Release */,
			);
			defaultConfigurationIsVisible = 0;
			defaultConfigurationName = Release;
		};
		3D41BEF126A1434100BA98B7 /* Build configuration list for PBXNativeTarget "CustomBottomSheetTests" */ = {
			isa = XCConfigurationList;
			buildConfigurations = (
				3D41BEF226A1434100BA98B7 /* Debug */,
				3D41BEF326A1434100BA98B7 /* Release */,
			);
			defaultConfigurationIsVisible = 0;
			defaultConfigurationName = Release;
		};
		3D41BEF426A1434100BA98B7 /* Build configuration list for PBXNativeTarget "CustomBottomSheetUITests" */ = {
			isa = XCConfigurationList;
			buildConfigurations = (
				3D41BEF526A1434100BA98B7 /* Debug */,
				3D41BEF626A1434100BA98B7 /* Release */,
			);
			defaultConfigurationIsVisible = 0;
			defaultConfigurationName = Release;
		};
/* End XCConfigurationList section */
	};
	rootObject = 3D41BEBC26A1433C00BA98B7 /* Project object */;
}
